
Microsoft Visual Studio Solution File, Format Version 12.00
# Visual Studio Version 17
VisualStudioVersion = 17.0.31903.59
MinimumVisualStudioVersion = 10.0.40219.1
Project("{FAE04EC0-301F-11D3-BF4B-00C04F79EFBC}") = "apidb", "apidb\apidb.csproj", "{DCE05F89-3757-48B0-9580-9D67176C0FDE}"
EndProject
Global
	GlobalSection(SolutionConfigurationPlatforms) = preSolution
		Debug|Any CPU = Debug|Any CPU
		Release|Any CPU = Release|Any CPU
	EndGlobalSection
	GlobalSection(SolutionProperties) = preSolution
		HideSolutionNode = FALSE
	EndGlobalSection
	GlobalSection(ProjectConfigurationPlatforms) = postSolution
		{DCE05F89-3757-48B0-9580-9D67176C0FDE}.Debug|Any CPU.ActiveCfg = Debug|Any CPU
		{DCE05F89-3757-48B0-9580-9D67176C0FDE}.Debug|Any CPU.Build.0 = Debug|Any CPU
		{DCE05F89-3757-48B0-9580-9D67176C0FDE}.Release|Any CPU.ActiveCfg = Release|Any CPU
		{DCE05F89-3757-48B0-9580-9D67176C0FDE}.Release|Any CPU.Build.0 = Release|Any CPU
	EndGlobalSection
EndGlobal
